
Microsoft Visual Studio Solution File, Format Version 12.00
# Visual Studio 15
VisualStudioVersion = 15.0.26730.12
MinimumVisualStudioVersion = 10.0.40219.1
Project("{FAE04EC0-301F-11D3-BF4B-00C04F79EFBC}") = "WebApplication", "WebApplication\WebApplication.csproj", "{C94FEE35-4861-4873-B748-2397C01D5C37}"
EndProject
Project("{FAE04EC0-301F-11D3-BF4B-00C04F79EFBC}") = "WebApplication.Tests", "WebApplication.Tests\WebApplication.Tests.csproj", "{D97496B7-28DB-405E-9819-5A57EA8EF4D6}"
EndProject
Global
	GlobalSection(SolutionConfigurationPlatforms) = preSolution
		Debug|Any CPU = Debug|Any CPU
		Release|Any CPU = Release|Any CPU
	EndGlobalSection
	GlobalSection(ProjectConfigurationPlatforms) = postSolution
		{C94FEE35-4861-4873-B748-2397C01D5C37}.Debug|Any CPU.ActiveCfg = Debug|Any CPU
		{C94FEE35-4861-4873-B748-2397C01D5C37}.Debug|Any CPU.Build.0 = Debug|Any CPU
		{C94FEE35-4861-4873-B748-2397C01D5C37}.Release|Any CPU.ActiveCfg = Release|Any CPU
		{C94FEE35-4861-4873-B748-2397C01D5C37}.Release|Any CPU.Build.0 = Release|Any CPU
		{D97496B7-28DB-405E-9819-5A57EA8EF4D6}.Debug|Any CPU.ActiveCfg = Debug|Any CPU
		{D97496B7-28DB-405E-9819-5A57EA8EF4D6}.Debug|Any CPU.Build.0 = Debug|Any CPU
		{D97496B7-28DB-405E-9819-5A57EA8EF4D6}.Release|Any CPU.ActiveCfg = Release|Any CPU
		{D97496B7-28DB-405E-9819-5A57EA8EF4D6}.Release|Any CPU.Build.0 = Release|Any CPU
	EndGlobalSection
	GlobalSection(SolutionProperties) = preSolution
		HideSolutionNode = FALSE
	EndGlobalSection
	GlobalSection(ExtensibilityGlobals) = postSolution
		SolutionGuid = {CA5F0DC1-EF7C-4081-B3B3-7E726797E2A7}
	EndGlobalSection
EndGlobal
